
Microsoft Visual Studio Solution File, Format Version 12.00
# Visual Studio Version 16
VisualStudioVersion = 16.0.31205.134
MinimumVisualStudioVersion = 10.0.40219.1
Project("{9A19103F-16F7-4668-BE54-9A1E7A4F7556}") = "VRHMediaPlayer", "VRHMediaPlayer\VRHMediaPlayer.csproj", "{6C515269-CD34-4D2A-9707-39C5885D338A}"
EndProject
Project("{54435603-DBB4-11D2-8724-00A0C9A8B90C}") = "vrhplayerSetup", "vrhplayerSetup\vrhplayerSetup.vdproj", "{65FCEBF5-26C6-4C64-89C3-FCD248418259}"
EndProject
Global
	GlobalSection(SolutionConfigurationPlatforms) = preSolution
		Debug|Any CPU = Debug|Any CPU
		Release|Any CPU = Release|Any CPU
	EndGlobalSection
	GlobalSection(ProjectConfigurationPlatforms) = postSolution
		{6C515269-CD34-4D2A-9707-39C5885D338A}.Debug|Any CPU.ActiveCfg = Debug|Any CPU
		{6C515269-CD34-4D2A-9707-39C5885D338A}.Debug|Any CPU.Build.0 = Debug|Any CPU
		{6C515269-CD34-4D2A-9707-39C5885D338A}.Release|Any CPU.ActiveCfg = Release|Any CPU
		{6C515269-CD34-4D2A-9707-39C5885D338A}.Release|Any CPU.Build.0 = Release|Any CPU
		{65FCEBF5-26C6-4C64-89C3-FCD248418259}.Debug|Any CPU.ActiveCfg = Debug
		{65FCEBF5-26C6-4C64-89C3-FCD248418259}.Release|Any CPU.ActiveCfg = Release
	EndGlobalSection
	GlobalSection(SolutionProperties) = preSolution
		HideSolutionNode = FALSE
	EndGlobalSection
	GlobalSection(ExtensibilityGlobals) = postSolution
		SolutionGuid = {2840C158-1798-403A-B972-02A566E6FE3B}
	EndGlobalSection
EndGlobal
